
Microsoft Visual Studio Solution File, Format Version 12.00
# Visual Studio Version 17
VisualStudioVersion = 17.11.35303.130
MinimumVisualStudioVersion = 10.0.40219.1
Project("{FAE04EC0-301F-11D3-BF4B-00C04F79EFBC}") = "WebApiTest", "WebApiTest\WebApiTest.csproj", "{243C725C-FE1F-46FB-93B8-35B06AD9A223}"
EndProject
Project("{FAE04EC0-301F-11D3-BF4B-00C04F79EFBC}") = "WebApiUnitTest", "WebApiUnitTest\WebApiUnitTest.csproj", "{FC7B9D29-278D-41C0-9FF2-9EEA4853ACE6}"
EndProject
Global
	GlobalSection(SolutionConfigurationPlatforms) = preSolution
		Debug|Any CPU = Debug|Any CPU
		Release|Any CPU = Release|Any CPU
	EndGlobalSection
	GlobalSection(ProjectConfigurationPlatforms) = postSolution
		{243C725C-FE1F-46FB-93B8-35B06AD9A223}.Debug|Any CPU.ActiveCfg = Debug|Any CPU
		{243C725C-FE1F-46FB-93B8-35B06AD9A223}.Debug|Any CPU.Build.0 = Debug|Any CPU
		{243C725C-FE1F-46FB-93B8-35B06AD9A223}.Release|Any CPU.ActiveCfg = Release|Any CPU
		{243C725C-FE1F-46FB-93B8-35B06AD9A223}.Release|Any CPU.Build.0 = Release|Any CPU
		{FC7B9D29-278D-41C0-9FF2-9EEA4853ACE6}.Debug|Any CPU.ActiveCfg = Debug|Any CPU
		{FC7B9D29-278D-41C0-9FF2-9EEA4853ACE6}.Debug|Any CPU.Build.0 = Debug|Any CPU
		{FC7B9D29-278D-41C0-9FF2-9EEA4853ACE6}.Release|Any CPU.ActiveCfg = Release|Any CPU
		{FC7B9D29-278D-41C0-9FF2-9EEA4853ACE6}.Release|Any CPU.Build.0 = Release|Any CPU
	EndGlobalSection
	GlobalSection(SolutionProperties) = preSolution
		HideSolutionNode = FALSE
	EndGlobalSection
	GlobalSection(ExtensibilityGlobals) = postSolution
		SolutionGuid = {08C5ADB2-B318-4051-B207-46C77FC8C243}
	EndGlobalSection
EndGlobal
